
Microsoft Visual Studio Solution File, Format Version 12.00
# Visual Studio 15
VisualStudioVersion = 15.0.26730.16
MinimumVisualStudioVersion = 10.0.40219.1
Project("{FAE04EC0-301F-11D3-BF4B-00C04F79EFBC}") = "XeroWinForm", "XeroWinForm.csproj", "{40A95776-B267-47E1-83C4-797310476CDF}"
EndProject
Global
	GlobalSection(SolutionConfigurationPlatforms) = preSolution
		Debug|Any CPU = Debug|Any CPU
		Release|Any CPU = Release|Any CPU
	EndGlobalSection
	GlobalSection(ProjectConfigurationPlatforms) = postSolution
		{40A95776-B267-47E1-83C4-797310476CDF}.Debug|Any CPU.ActiveCfg = Debug|Any CPU
		{40A95776-B267-47E1-83C4-797310476CDF}.Debug|Any CPU.Build.0 = Debug|Any CPU
		{40A95776-B267-47E1-83C4-797310476CDF}.Release|Any CPU.ActiveCfg = Release|Any CPU
		{40A95776-B267-47E1-83C4-797310476CDF}.Release|Any CPU.Build.0 = Release|Any CPU
	EndGlobalSection
	GlobalSection(SolutionProperties) = preSolution
		HideSolutionNode = FALSE
	EndGlobalSection
	GlobalSection(ExtensibilityGlobals) = postSolution
		SolutionGuid = {2E991698-11CE-43A2-8B95-1FB4E90357CA}
	EndGlobalSection
EndGlobal
